
Microsoft Visual Studio Solution File, Format Version 12.00
Project("{F2A71F9B-5D33-465A-A702-920D77279786}") = "day01", "day01\day01.fsproj", "{853390FF-A7B4-4681-9475-80650C817344}"
EndProject
Global
	GlobalSection(SolutionConfigurationPlatforms) = preSolution
		Debug|Any CPU = Debug|Any CPU
		Release|Any CPU = Release|Any CPU
	EndGlobalSection
	GlobalSection(ProjectConfigurationPlatforms) = postSolution
		{853390FF-A7B4-4681-9475-80650C817344}.Debug|Any CPU.ActiveCfg = Debug|Any CPU
		{853390FF-A7B4-4681-9475-80650C817344}.Debug|Any CPU.Build.0 = Debug|Any CPU
		{853390FF-A7B4-4681-9475-80650C817344}.Release|Any CPU.ActiveCfg = Release|Any CPU
		{853390FF-A7B4-4681-9475-80650C817344}.Release|Any CPU.Build.0 = Release|Any CPU
	EndGlobalSection
EndGlobal
