
Microsoft Visual Studio Solution File, Format Version 12.00
Project("{F2A71F9B-5D33-465A-A702-920D77279786}") = "day01", "day01\day01.fsproj", "{853390FF-A7B4-4681-9475-80650C817344}"
EndProject
Project("{F2A71F9B-5D33-465A-A702-920D77279786}") = "day02", "day02\day02.fsproj", "{4F71A30E-BD64-4631-995B-4739230FCBC1}"
EndProject
Project("{F2A71F9B-5D33-465A-A702-920D77279786}") = "day03", "day03\day03.fsproj", "{F631AAA6-8C1F-4EA6-8469-5C69C4F2A8B4}"
EndProject
Project("{F2A71F9B-5D33-465A-A702-920D77279786}") = "day04", "day04\day04.fsproj", "{5216E15C-5507-45F6-A2FD-9E3D561084E8}"
EndProject
Global
	GlobalSection(SolutionConfigurationPlatforms) = preSolution
		Debug|Any CPU = Debug|Any CPU
		Release|Any CPU = Release|Any CPU
	EndGlobalSection
	GlobalSection(ProjectConfigurationPlatforms) = postSolution
		{853390FF-A7B4-4681-9475-80650C817344}.Debug|Any CPU.ActiveCfg = Debug|Any CPU
		{853390FF-A7B4-4681-9475-80650C817344}.Debug|Any CPU.Build.0 = Debug|Any CPU
		{853390FF-A7B4-4681-9475-80650C817344}.Release|Any CPU.ActiveCfg = Release|Any CPU
		{853390FF-A7B4-4681-9475-80650C817344}.Release|Any CPU.Build.0 = Release|Any CPU
		{4F71A30E-BD64-4631-995B-4739230FCBC1}.Debug|Any CPU.ActiveCfg = Debug|Any CPU
		{4F71A30E-BD64-4631-995B-4739230FCBC1}.Debug|Any CPU.Build.0 = Debug|Any CPU
		{4F71A30E-BD64-4631-995B-4739230FCBC1}.Release|Any CPU.ActiveCfg = Release|Any CPU
		{4F71A30E-BD64-4631-995B-4739230FCBC1}.Release|Any CPU.Build.0 = Release|Any CPU
		{F631AAA6-8C1F-4EA6-8469-5C69C4F2A8B4}.Debug|Any CPU.ActiveCfg = Debug|Any CPU
		{F631AAA6-8C1F-4EA6-8469-5C69C4F2A8B4}.Debug|Any CPU.Build.0 = Debug|Any CPU
		{F631AAA6-8C1F-4EA6-8469-5C69C4F2A8B4}.Release|Any CPU.ActiveCfg = Release|Any CPU
		{F631AAA6-8C1F-4EA6-8469-5C69C4F2A8B4}.Release|Any CPU.Build.0 = Release|Any CPU
		{5216E15C-5507-45F6-A2FD-9E3D561084E8}.Debug|Any CPU.ActiveCfg = Debug|Any CPU
		{5216E15C-5507-45F6-A2FD-9E3D561084E8}.Debug|Any CPU.Build.0 = Debug|Any CPU
		{5216E15C-5507-45F6-A2FD-9E3D561084E8}.Release|Any CPU.ActiveCfg = Release|Any CPU
		{5216E15C-5507-45F6-A2FD-9E3D561084E8}.Release|Any CPU.Build.0 = Release|Any CPU
	EndGlobalSection
EndGlobal
